
Microsoft Visual Studio Solution File, Format Version 12.00
# Visual Studio Version 16
VisualStudioVersion = 16.0.32126.315
MinimumVisualStudioVersion = 10.0.40219.1
Project("{FAE04EC0-301F-11D3-BF4B-00C04F79EFBC}") = "Voiceroid_TTS", "Voiceroid_TTS\Voiceroid_TTS.csproj", "{54ACAF7C-1F26-4070-8E85-F67A68D8F28B}"
EndProject
Global
	GlobalSection(SolutionConfigurationPlatforms) = preSolution
		Debug|Any CPU = Debug|Any CPU
		Release|Any CPU = Release|Any CPU
	EndGlobalSection
	GlobalSection(ProjectConfigurationPlatforms) = postSolution
		{54ACAF7C-1F26-4070-8E85-F67A68D8F28B}.Debug|Any CPU.ActiveCfg = Debug|Any CPU
		{54ACAF7C-1F26-4070-8E85-F67A68D8F28B}.Debug|Any CPU.Build.0 = Debug|Any CPU
		{54ACAF7C-1F26-4070-8E85-F67A68D8F28B}.Release|Any CPU.ActiveCfg = Release|Any CPU
		{54ACAF7C-1F26-4070-8E85-F67A68D8F28B}.Release|Any CPU.Build.0 = Release|Any CPU
	EndGlobalSection
	GlobalSection(SolutionProperties) = preSolution
		HideSolutionNode = FALSE
	EndGlobalSection
	GlobalSection(ExtensibilityGlobals) = postSolution
		SolutionGuid = {29CE0B96-07DE-44DB-97F4-C6C8553F7ABC}
	EndGlobalSection
EndGlobal
